
Microsoft Visual Studio Solution File, Format Version 12.00
# Visual Studio Version 16
VisualStudioVersion = 16.0.31624.102
MinimumVisualStudioVersion = 10.0.40219.1
Project("{FAE04EC0-301F-11D3-BF4B-00C04F79EFBC}") = "LedController", "LedController.csproj", "{95BD1AB6-D82A-4860-B93B-21E8A89580EF}"
EndProject
Global
	GlobalSection(SolutionConfigurationPlatforms) = preSolution
		Debug|Any CPU = Debug|Any CPU
		Release|Any CPU = Release|Any CPU
	EndGlobalSection
	GlobalSection(ProjectConfigurationPlatforms) = postSolution
		{95BD1AB6-D82A-4860-B93B-21E8A89580EF}.Debug|Any CPU.ActiveCfg = Debug|Any CPU
		{95BD1AB6-D82A-4860-B93B-21E8A89580EF}.Debug|Any CPU.Build.0 = Debug|Any CPU
		{95BD1AB6-D82A-4860-B93B-21E8A89580EF}.Release|Any CPU.ActiveCfg = Release|Any CPU
		{95BD1AB6-D82A-4860-B93B-21E8A89580EF}.Release|Any CPU.Build.0 = Release|Any CPU
	EndGlobalSection
	GlobalSection(SolutionProperties) = preSolution
		HideSolutionNode = FALSE
	EndGlobalSection
	GlobalSection(ExtensibilityGlobals) = postSolution
		SolutionGuid = {CAD1A28C-367C-43BC-85D2-844E76EE4060}
	EndGlobalSection
EndGlobal
